
Microsoft Visual Studio Solution File, Format Version 12.00
# Visual Studio Version 17
VisualStudioVersion = 17.4.33213.308
MinimumVisualStudioVersion = 10.0.40219.1
Project("{FAE04EC0-301F-11D3-BF4B-00C04F79EFBC}") = "Proje1", "Proje1\Proje1.csproj", "{36B697F4-90CC-4682-8B70-7A61C0E5E336}"
EndProject
Global
	GlobalSection(SolutionConfigurationPlatforms) = preSolution
		Debug|Any CPU = Debug|Any CPU
		Release|Any CPU = Release|Any CPU
	EndGlobalSection
	GlobalSection(ProjectConfigurationPlatforms) = postSolution
		{36B697F4-90CC-4682-8B70-7A61C0E5E336}.Debug|Any CPU.ActiveCfg = Debug|Any CPU
		{36B697F4-90CC-4682-8B70-7A61C0E5E336}.Debug|Any CPU.Build.0 = Debug|Any CPU
		{36B697F4-90CC-4682-8B70-7A61C0E5E336}.Release|Any CPU.ActiveCfg = Release|Any CPU
		{36B697F4-90CC-4682-8B70-7A61C0E5E336}.Release|Any CPU.Build.0 = Release|Any CPU
	EndGlobalSection
	GlobalSection(SolutionProperties) = preSolution
		HideSolutionNode = FALSE
	EndGlobalSection
	GlobalSection(ExtensibilityGlobals) = postSolution
		SolutionGuid = {A6ECE617-9A10-4301-8B29-0D6631B6BD83}
	EndGlobalSection
EndGlobal
